
Microsoft Visual Studio Solution File, Format Version 12.00
# Visual Studio Version 17
VisualStudioVersion = 17.10.35122.118
MinimumVisualStudioVersion = 10.0.40219.1
Project("{FAE04EC0-301F-11D3-BF4B-00C04F79EFBC}") = "wpf_damier_ponchautNicolas", "wpf_damier_ponchautNicolas.csproj", "{38C05BA5-829B-442C-B820-75481B76662D}"
EndProject
Global
	GlobalSection(SolutionConfigurationPlatforms) = preSolution
		Debug|Any CPU = Debug|Any CPU
		Release|Any CPU = Release|Any CPU
	EndGlobalSection
	GlobalSection(ProjectConfigurationPlatforms) = postSolution
		{38C05BA5-829B-442C-B820-75481B76662D}.Debug|Any CPU.ActiveCfg = Debug|Any CPU
		{38C05BA5-829B-442C-B820-75481B76662D}.Debug|Any CPU.Build.0 = Debug|Any CPU
		{38C05BA5-829B-442C-B820-75481B76662D}.Release|Any CPU.ActiveCfg = Release|Any CPU
		{38C05BA5-829B-442C-B820-75481B76662D}.Release|Any CPU.Build.0 = Release|Any CPU
	EndGlobalSection
	GlobalSection(SolutionProperties) = preSolution
		HideSolutionNode = FALSE
	EndGlobalSection
	GlobalSection(ExtensibilityGlobals) = postSolution
		SolutionGuid = {FC9AF24D-3518-446A-A267-94AB2A45883B}
	EndGlobalSection
EndGlobal
