
Microsoft Visual Studio Solution File, Format Version 12.00
# Visual Studio Version 17
VisualStudioVersion = 17.10.35122.118
MinimumVisualStudioVersion = 10.0.40219.1
Project("{FAE04EC0-301F-11D3-BF4B-00C04F79EFBC}") = "Wpf_act3bis_event2", "Wpf_act3bis_event2.csproj", "{436FE5BE-43F6-4D82-BAB6-89D2548D0A30}"
EndProject
Global
	GlobalSection(SolutionConfigurationPlatforms) = preSolution
		Debug|Any CPU = Debug|Any CPU
		Release|Any CPU = Release|Any CPU
	EndGlobalSection
	GlobalSection(ProjectConfigurationPlatforms) = postSolution
		{436FE5BE-43F6-4D82-BAB6-89D2548D0A30}.Debug|Any CPU.ActiveCfg = Debug|Any CPU
		{436FE5BE-43F6-4D82-BAB6-89D2548D0A30}.Debug|Any CPU.Build.0 = Debug|Any CPU
		{436FE5BE-43F6-4D82-BAB6-89D2548D0A30}.Release|Any CPU.ActiveCfg = Release|Any CPU
		{436FE5BE-43F6-4D82-BAB6-89D2548D0A30}.Release|Any CPU.Build.0 = Release|Any CPU
	EndGlobalSection
	GlobalSection(SolutionProperties) = preSolution
		HideSolutionNode = FALSE
	EndGlobalSection
	GlobalSection(ExtensibilityGlobals) = postSolution
		SolutionGuid = {4E5616B4-2A5B-4A05-895D-A181746F9430}
	EndGlobalSection
EndGlobal
