
Microsoft Visual Studio Solution File, Format Version 12.00
# Visual Studio Version 17
VisualStudioVersion = 17.10.35122.118
MinimumVisualStudioVersion = 10.0.40219.1
Project("{FAE04EC0-301F-11D3-BF4B-00C04F79EFBC}") = "POOAct11", "POOAct11.csproj", "{1A3C0541-5893-42DE-AD07-A772CCF071FA}"
EndProject
Global
	GlobalSection(SolutionConfigurationPlatforms) = preSolution
		Debug|Any CPU = Debug|Any CPU
		Release|Any CPU = Release|Any CPU
	EndGlobalSection
	GlobalSection(ProjectConfigurationPlatforms) = postSolution
		{1A3C0541-5893-42DE-AD07-A772CCF071FA}.Debug|Any CPU.ActiveCfg = Debug|Any CPU
		{1A3C0541-5893-42DE-AD07-A772CCF071FA}.Debug|Any CPU.Build.0 = Debug|Any CPU
		{1A3C0541-5893-42DE-AD07-A772CCF071FA}.Release|Any CPU.ActiveCfg = Release|Any CPU
		{1A3C0541-5893-42DE-AD07-A772CCF071FA}.Release|Any CPU.Build.0 = Release|Any CPU
	EndGlobalSection
	GlobalSection(SolutionProperties) = preSolution
		HideSolutionNode = FALSE
	EndGlobalSection
	GlobalSection(ExtensibilityGlobals) = postSolution
		SolutionGuid = {5A2E1DF7-4EDB-4D73-83C7-A15776F72AD7}
	EndGlobalSection
EndGlobal
