
Microsoft Visual Studio Solution File, Format Version 12.00
# Visual Studio Version 17
VisualStudioVersion = 17.10.35122.118
MinimumVisualStudioVersion = 10.0.40219.1
Project("{FAE04EC0-301F-11D3-BF4B-00C04F79EFBC}") = "Act7_NicolasPonchaut_MySQL", "Act7_NicolasPonchaut_MySQL.csproj", "{558A2125-FB16-4323-BF77-3D0BBB28BE51}"
EndProject
Global
	GlobalSection(SolutionConfigurationPlatforms) = preSolution
		Debug|Any CPU = Debug|Any CPU
		Release|Any CPU = Release|Any CPU
	EndGlobalSection
	GlobalSection(ProjectConfigurationPlatforms) = postSolution
		{558A2125-FB16-4323-BF77-3D0BBB28BE51}.Debug|Any CPU.ActiveCfg = Debug|Any CPU
		{558A2125-FB16-4323-BF77-3D0BBB28BE51}.Debug|Any CPU.Build.0 = Debug|Any CPU
		{558A2125-FB16-4323-BF77-3D0BBB28BE51}.Release|Any CPU.ActiveCfg = Release|Any CPU
		{558A2125-FB16-4323-BF77-3D0BBB28BE51}.Release|Any CPU.Build.0 = Release|Any CPU
	EndGlobalSection
	GlobalSection(SolutionProperties) = preSolution
		HideSolutionNode = FALSE
	EndGlobalSection
	GlobalSection(ExtensibilityGlobals) = postSolution
		SolutionGuid = {0C312A67-EF29-4CA2-A8E7-D6C886A63B01}
	EndGlobalSection
EndGlobal
