
Microsoft Visual Studio Solution File, Format Version 12.00
# Visual Studio Version 17
VisualStudioVersion = 17.10.35122.118
MinimumVisualStudioVersion = 10.0.40219.1
Project("{FAE04EC0-301F-11D3-BF4B-00C04F79EFBC}") = "wpf_damier3_ponchautNicolas", "wpf_damier3_ponchautNicolas.csproj", "{21F10C0F-FEEA-4B47-8D81-6B2AEE3B8145}"
EndProject
Global
	GlobalSection(SolutionConfigurationPlatforms) = preSolution
		Debug|Any CPU = Debug|Any CPU
		Release|Any CPU = Release|Any CPU
	EndGlobalSection
	GlobalSection(ProjectConfigurationPlatforms) = postSolution
		{21F10C0F-FEEA-4B47-8D81-6B2AEE3B8145}.Debug|Any CPU.ActiveCfg = Debug|Any CPU
		{21F10C0F-FEEA-4B47-8D81-6B2AEE3B8145}.Debug|Any CPU.Build.0 = Debug|Any CPU
		{21F10C0F-FEEA-4B47-8D81-6B2AEE3B8145}.Release|Any CPU.ActiveCfg = Release|Any CPU
		{21F10C0F-FEEA-4B47-8D81-6B2AEE3B8145}.Release|Any CPU.Build.0 = Release|Any CPU
	EndGlobalSection
	GlobalSection(SolutionProperties) = preSolution
		HideSolutionNode = FALSE
	EndGlobalSection
	GlobalSection(ExtensibilityGlobals) = postSolution
		SolutionGuid = {63C4194E-048A-49B4-AEDF-4E3A3CEF17AE}
	EndGlobalSection
EndGlobal
