
Microsoft Visual Studio Solution File, Format Version 12.00
# Visual Studio Version 17
VisualStudioVersion = 17.10.35122.118
MinimumVisualStudioVersion = 10.0.40219.1
Project("{FAE04EC0-301F-11D3-BF4B-00C04F79EFBC}") = "CE_UAA14WPF_Dec24_PonchautNicolas", "CE_UAA14WPF_Dec24_PonchautNicolas.csproj", "{6152CBE5-3470-45AF-9999-D31E549D3EC4}"
EndProject
Global
	GlobalSection(SolutionConfigurationPlatforms) = preSolution
		Debug|Any CPU = Debug|Any CPU
		Release|Any CPU = Release|Any CPU
	EndGlobalSection
	GlobalSection(ProjectConfigurationPlatforms) = postSolution
		{6152CBE5-3470-45AF-9999-D31E549D3EC4}.Debug|Any CPU.ActiveCfg = Debug|Any CPU
		{6152CBE5-3470-45AF-9999-D31E549D3EC4}.Debug|Any CPU.Build.0 = Debug|Any CPU
		{6152CBE5-3470-45AF-9999-D31E549D3EC4}.Release|Any CPU.ActiveCfg = Release|Any CPU
		{6152CBE5-3470-45AF-9999-D31E549D3EC4}.Release|Any CPU.Build.0 = Release|Any CPU
	EndGlobalSection
	GlobalSection(SolutionProperties) = preSolution
		HideSolutionNode = FALSE
	EndGlobalSection
	GlobalSection(ExtensibilityGlobals) = postSolution
		SolutionGuid = {02B0D11E-7019-4BC7-A3E6-A3A64501BCE9}
	EndGlobalSection
EndGlobal
