
Microsoft Visual Studio Solution File, Format Version 12.00
# Visual Studio Version 17
VisualStudioVersion = 17.10.35122.118
MinimumVisualStudioVersion = 10.0.40219.1
Project("{9A19103F-16F7-4668-BE54-9A1E7A4F7556}") = "wpf_act0_ex1", "wpf_act0_ex1.csproj", "{6FDBAF40-A508-4C32-A602-B1F880C3C483}"
EndProject
Global
	GlobalSection(SolutionConfigurationPlatforms) = preSolution
		Debug|Any CPU = Debug|Any CPU
		Release|Any CPU = Release|Any CPU
	EndGlobalSection
	GlobalSection(ProjectConfigurationPlatforms) = postSolution
		{6FDBAF40-A508-4C32-A602-B1F880C3C483}.Debug|Any CPU.ActiveCfg = Debug|Any CPU
		{6FDBAF40-A508-4C32-A602-B1F880C3C483}.Debug|Any CPU.Build.0 = Debug|Any CPU
		{6FDBAF40-A508-4C32-A602-B1F880C3C483}.Release|Any CPU.ActiveCfg = Release|Any CPU
		{6FDBAF40-A508-4C32-A602-B1F880C3C483}.Release|Any CPU.Build.0 = Release|Any CPU
	EndGlobalSection
	GlobalSection(SolutionProperties) = preSolution
		HideSolutionNode = FALSE
	EndGlobalSection
	GlobalSection(ExtensibilityGlobals) = postSolution
		SolutionGuid = {DADE0394-F287-4821-87FA-BAA61AEB857B}
	EndGlobalSection
EndGlobal
