
Microsoft Visual Studio Solution File, Format Version 12.00
# Visual Studio Version 17
VisualStudioVersion = 17.10.35122.118
MinimumVisualStudioVersion = 10.0.40219.1
Project("{FAE04EC0-301F-11D3-BF4B-00C04F79EFBC}") = "act2", "act2.csproj", "{AB5BD461-04D9-442E-AF17-12A2A8EEDDB9}"
EndProject
Global
	GlobalSection(SolutionConfigurationPlatforms) = preSolution
		Debug|Any CPU = Debug|Any CPU
		Release|Any CPU = Release|Any CPU
	EndGlobalSection
	GlobalSection(ProjectConfigurationPlatforms) = postSolution
		{AB5BD461-04D9-442E-AF17-12A2A8EEDDB9}.Debug|Any CPU.ActiveCfg = Debug|Any CPU
		{AB5BD461-04D9-442E-AF17-12A2A8EEDDB9}.Debug|Any CPU.Build.0 = Debug|Any CPU
		{AB5BD461-04D9-442E-AF17-12A2A8EEDDB9}.Release|Any CPU.ActiveCfg = Release|Any CPU
		{AB5BD461-04D9-442E-AF17-12A2A8EEDDB9}.Release|Any CPU.Build.0 = Release|Any CPU
	EndGlobalSection
	GlobalSection(SolutionProperties) = preSolution
		HideSolutionNode = FALSE
	EndGlobalSection
	GlobalSection(ExtensibilityGlobals) = postSolution
		SolutionGuid = {B22D71E5-91E1-4F19-9B18-57685908267E}
	EndGlobalSection
EndGlobal
