
Microsoft Visual Studio Solution File, Format Version 12.00
# Visual Studio Version 17
VisualStudioVersion = 17.10.35122.118
MinimumVisualStudioVersion = 10.0.40219.1
Project("{FAE04EC0-301F-11D3-BF4B-00C04F79EFBC}") = "wpf_creationDynaObject", "wpf_creationDynaObject.csproj", "{4294FEDF-9FD2-4912-9B2B-1C104C420157}"
EndProject
Global
	GlobalSection(SolutionConfigurationPlatforms) = preSolution
		Debug|Any CPU = Debug|Any CPU
		Release|Any CPU = Release|Any CPU
	EndGlobalSection
	GlobalSection(ProjectConfigurationPlatforms) = postSolution
		{4294FEDF-9FD2-4912-9B2B-1C104C420157}.Debug|Any CPU.ActiveCfg = Debug|Any CPU
		{4294FEDF-9FD2-4912-9B2B-1C104C420157}.Debug|Any CPU.Build.0 = Debug|Any CPU
		{4294FEDF-9FD2-4912-9B2B-1C104C420157}.Release|Any CPU.ActiveCfg = Release|Any CPU
		{4294FEDF-9FD2-4912-9B2B-1C104C420157}.Release|Any CPU.Build.0 = Release|Any CPU
	EndGlobalSection
	GlobalSection(SolutionProperties) = preSolution
		HideSolutionNode = FALSE
	EndGlobalSection
	GlobalSection(ExtensibilityGlobals) = postSolution
		SolutionGuid = {077B6CA4-8B81-44AA-972E-99340C3BF459}
	EndGlobalSection
EndGlobal
