
Microsoft Visual Studio Solution File, Format Version 12.00
# Visual Studio Version 17
VisualStudioVersion = 17.10.35122.118
MinimumVisualStudioVersion = 10.0.40219.1
Project("{FAE04EC0-301F-11D3-BF4B-00C04F79EFBC}") = "wpf act0 ex3", "wpf act0 ex3.csproj", "{1E42A4F4-AF6A-4FC3-A0B8-35AA650850AD}"
EndProject
Global
	GlobalSection(SolutionConfigurationPlatforms) = preSolution
		Debug|Any CPU = Debug|Any CPU
		Release|Any CPU = Release|Any CPU
	EndGlobalSection
	GlobalSection(ProjectConfigurationPlatforms) = postSolution
		{1E42A4F4-AF6A-4FC3-A0B8-35AA650850AD}.Debug|Any CPU.ActiveCfg = Debug|Any CPU
		{1E42A4F4-AF6A-4FC3-A0B8-35AA650850AD}.Debug|Any CPU.Build.0 = Debug|Any CPU
		{1E42A4F4-AF6A-4FC3-A0B8-35AA650850AD}.Release|Any CPU.ActiveCfg = Release|Any CPU
		{1E42A4F4-AF6A-4FC3-A0B8-35AA650850AD}.Release|Any CPU.Build.0 = Release|Any CPU
	EndGlobalSection
	GlobalSection(SolutionProperties) = preSolution
		HideSolutionNode = FALSE
	EndGlobalSection
	GlobalSection(ExtensibilityGlobals) = postSolution
		SolutionGuid = {8A153700-5AEF-4786-995F-90E983E8C7AA}
	EndGlobalSection
EndGlobal
